
Microsoft Visual Studio Solution File, Format Version 12.00
# Visual Studio Version 17
VisualStudioVersion = 17.11.35219.272
MinimumVisualStudioVersion = 10.0.40219.1
Project("{FAE04EC0-301F-11D3-BF4B-00C04F79EFBC}") = "Solution_BE_092024", "Solution_BE_092024\Solution_BE_092024.csproj", "{BE6ECE05-7689-44BA-B379-6FAFC29DE8E2}"
EndProject
Project("{FAE04EC0-301F-11D3-BF4B-00C04F79EFBC}") = "Bai1", "Bai1\Bai1.csproj", "{144AC1F3-7225-4CA3-8250-94855322CF88}"
EndProject
Project("{FAE04EC0-301F-11D3-BF4B-00C04F79EFBC}") = "Bai2", "Bai2\Bai2.csproj", "{8B2E3B94-7FAC-466C-8A1A-829C6AEC5E29}"
EndProject
Project("{FAE04EC0-301F-11D3-BF4B-00C04F79EFBC}") = "Bai3", "Bai3\Bai3.csproj", "{52992657-B70C-45DA-A292-ED231E7AF93D}"
EndProject
Project("{FAE04EC0-301F-11D3-BF4B-00C04F79EFBC}") = "Bai4", "Bai4\Bai4.csproj", "{090E33F9-F62E-4ECF-84C7-79685880657A}"
EndProject
Project("{FAE04EC0-301F-11D3-BF4B-00C04F79EFBC}") = "Bai5", "Bai5\Bai5.csproj", "{9C4CDF07-E143-4E39-942F-3EEA02CCB7E5}"
EndProject
Project("{FAE04EC0-301F-11D3-BF4B-00C04F79EFBC}") = "Common", "Common\Common.csproj", "{C442EA4A-A369-4F4B-AB88-469D5A92E691}"
EndProject
Project("{FAE04EC0-301F-11D3-BF4B-00C04F79EFBC}") = "DataAccess", "DataAccess\DataAccess.csproj", "{E37F03B3-BF04-49F6-BBF3-36B7568C5BEA}"
EndProject
Project("{FAE04EC0-301F-11D3-BF4B-00C04F79EFBC}") = "Bai6", "Bai6\Bai6.csproj", "{9AE29193-981B-4B73-9D51-88E4F5B8B449}"
EndProject
Project("{FAE04EC0-301F-11D3-BF4B-00C04F79EFBC}") = "Bai7", "Bai7\Bai7.csproj", "{74AA8536-6104-4FB7-AB68-456B358C7073}"
EndProject
Project("{FAE04EC0-301F-11D3-BF4B-00C04F79EFBC}") = "Bai8", "Bai8\Bai8.csproj", "{F037F828-4F91-4947-8E7D-00FECA0EC178}"
EndProject
Project("{FAE04EC0-301F-11D3-BF4B-00C04F79EFBC}") = "Bai9", "Bai9\Bai9.csproj", "{75767D42-143A-44A1-B18B-AA0A2413B826}"
EndProject
Project("{FAE04EC0-301F-11D3-BF4B-00C04F79EFBC}") = "bai10", "bai10\bai10.csproj", "{6380DB50-4ACF-4B66-A8EA-DB5222A7B6C6}"
EndProject
Global
	GlobalSection(SolutionConfigurationPlatforms) = preSolution
		Debug|Any CPU = Debug|Any CPU
		Release|Any CPU = Release|Any CPU
	EndGlobalSection
	GlobalSection(ProjectConfigurationPlatforms) = postSolution
		{BE6ECE05-7689-44BA-B379-6FAFC29DE8E2}.Debug|Any CPU.ActiveCfg = Debug|Any CPU
		{BE6ECE05-7689-44BA-B379-6FAFC29DE8E2}.Debug|Any CPU.Build.0 = Debug|Any CPU
		{BE6ECE05-7689-44BA-B379-6FAFC29DE8E2}.Release|Any CPU.ActiveCfg = Release|Any CPU
		{BE6ECE05-7689-44BA-B379-6FAFC29DE8E2}.Release|Any CPU.Build.0 = Release|Any CPU
		{144AC1F3-7225-4CA3-8250-94855322CF88}.Debug|Any CPU.ActiveCfg = Debug|Any CPU
		{144AC1F3-7225-4CA3-8250-94855322CF88}.Debug|Any CPU.Build.0 = Debug|Any CPU
		{144AC1F3-7225-4CA3-8250-94855322CF88}.Release|Any CPU.ActiveCfg = Release|Any CPU
		{144AC1F3-7225-4CA3-8250-94855322CF88}.Release|Any CPU.Build.0 = Release|Any CPU
		{8B2E3B94-7FAC-466C-8A1A-829C6AEC5E29}.Debug|Any CPU.ActiveCfg = Debug|Any CPU
		{8B2E3B94-7FAC-466C-8A1A-829C6AEC5E29}.Debug|Any CPU.Build.0 = Debug|Any CPU
		{8B2E3B94-7FAC-466C-8A1A-829C6AEC5E29}.Release|Any CPU.ActiveCfg = Release|Any CPU
		{8B2E3B94-7FAC-466C-8A1A-829C6AEC5E29}.Release|Any CPU.Build.0 = Release|Any CPU
		{52992657-B70C-45DA-A292-ED231E7AF93D}.Debug|Any CPU.ActiveCfg = Debug|Any CPU
		{52992657-B70C-45DA-A292-ED231E7AF93D}.Debug|Any CPU.Build.0 = Debug|Any CPU
		{52992657-B70C-45DA-A292-ED231E7AF93D}.Release|Any CPU.ActiveCfg = Release|Any CPU
		{52992657-B70C-45DA-A292-ED231E7AF93D}.Release|Any CPU.Build.0 = Release|Any CPU
		{090E33F9-F62E-4ECF-84C7-79685880657A}.Debug|Any CPU.ActiveCfg = Debug|Any CPU
		{090E33F9-F62E-4ECF-84C7-79685880657A}.Debug|Any CPU.Build.0 = Debug|Any CPU
		{090E33F9-F62E-4ECF-84C7-79685880657A}.Release|Any CPU.ActiveCfg = Release|Any CPU
		{090E33F9-F62E-4ECF-84C7-79685880657A}.Release|Any CPU.Build.0 = Release|Any CPU
		{9C4CDF07-E143-4E39-942F-3EEA02CCB7E5}.Debug|Any CPU.ActiveCfg = Debug|Any CPU
		{9C4CDF07-E143-4E39-942F-3EEA02CCB7E5}.Debug|Any CPU.Build.0 = Debug|Any CPU
		{9C4CDF07-E143-4E39-942F-3EEA02CCB7E5}.Release|Any CPU.ActiveCfg = Release|Any CPU
		{9C4CDF07-E143-4E39-942F-3EEA02CCB7E5}.Release|Any CPU.Build.0 = Release|Any CPU
		{C442EA4A-A369-4F4B-AB88-469D5A92E691}.Debug|Any CPU.ActiveCfg = Debug|Any CPU
		{C442EA4A-A369-4F4B-AB88-469D5A92E691}.Debug|Any CPU.Build.0 = Debug|Any CPU
		{C442EA4A-A369-4F4B-AB88-469D5A92E691}.Release|Any CPU.ActiveCfg = Release|Any CPU
		{C442EA4A-A369-4F4B-AB88-469D5A92E691}.Release|Any CPU.Build.0 = Release|Any CPU
		{E37F03B3-BF04-49F6-BBF3-36B7568C5BEA}.Debug|Any CPU.ActiveCfg = Debug|Any CPU
		{E37F03B3-BF04-49F6-BBF3-36B7568C5BEA}.Debug|Any CPU.Build.0 = Debug|Any CPU
		{E37F03B3-BF04-49F6-BBF3-36B7568C5BEA}.Release|Any CPU.ActiveCfg = Release|Any CPU
		{E37F03B3-BF04-49F6-BBF3-36B7568C5BEA}.Release|Any CPU.Build.0 = Release|Any CPU
		{9AE29193-981B-4B73-9D51-88E4F5B8B449}.Debug|Any CPU.ActiveCfg = Debug|Any CPU
		{9AE29193-981B-4B73-9D51-88E4F5B8B449}.Debug|Any CPU.Build.0 = Debug|Any CPU
		{9AE29193-981B-4B73-9D51-88E4F5B8B449}.Release|Any CPU.ActiveCfg = Release|Any CPU
		{9AE29193-981B-4B73-9D51-88E4F5B8B449}.Release|Any CPU.Build.0 = Release|Any CPU
		{74AA8536-6104-4FB7-AB68-456B358C7073}.Debug|Any CPU.ActiveCfg = Debug|Any CPU
		{74AA8536-6104-4FB7-AB68-456B358C7073}.Debug|Any CPU.Build.0 = Debug|Any CPU
		{74AA8536-6104-4FB7-AB68-456B358C7073}.Release|Any CPU.ActiveCfg = Release|Any CPU
		{74AA8536-6104-4FB7-AB68-456B358C7073}.Release|Any CPU.Build.0 = Release|Any CPU
		{F037F828-4F91-4947-8E7D-00FECA0EC178}.Debug|Any CPU.ActiveCfg = Debug|Any CPU
		{F037F828-4F91-4947-8E7D-00FECA0EC178}.Debug|Any CPU.Build.0 = Debug|Any CPU
		{F037F828-4F91-4947-8E7D-00FECA0EC178}.Release|Any CPU.ActiveCfg = Release|Any CPU
		{F037F828-4F91-4947-8E7D-00FECA0EC178}.Release|Any CPU.Build.0 = Release|Any CPU
		{75767D42-143A-44A1-B18B-AA0A2413B826}.Debug|Any CPU.ActiveCfg = Debug|Any CPU
		{75767D42-143A-44A1-B18B-AA0A2413B826}.Debug|Any CPU.Build.0 = Debug|Any CPU
		{75767D42-143A-44A1-B18B-AA0A2413B826}.Release|Any CPU.ActiveCfg = Release|Any CPU
		{75767D42-143A-44A1-B18B-AA0A2413B826}.Release|Any CPU.Build.0 = Release|Any CPU
		{6380DB50-4ACF-4B66-A8EA-DB5222A7B6C6}.Debug|Any CPU.ActiveCfg = Debug|Any CPU
		{6380DB50-4ACF-4B66-A8EA-DB5222A7B6C6}.Debug|Any CPU.Build.0 = Debug|Any CPU
		{6380DB50-4ACF-4B66-A8EA-DB5222A7B6C6}.Release|Any CPU.ActiveCfg = Release|Any CPU
		{6380DB50-4ACF-4B66-A8EA-DB5222A7B6C6}.Release|Any CPU.Build.0 = Release|Any CPU
	EndGlobalSection
	GlobalSection(SolutionProperties) = preSolution
		HideSolutionNode = FALSE
	EndGlobalSection
	GlobalSection(ExtensibilityGlobals) = postSolution
		SolutionGuid = {CF1BEFA2-E507-4A5B-BC23-F5BC489BB5E5}
	EndGlobalSection
EndGlobal
